
Microsoft Visual Studio Solution File, Format Version 12.00
# Visual Studio Version 17
VisualStudioVersion = 17.14.36616.10
MinimumVisualStudioVersion = 10.0.40219.1
Project("{2150E333-8FDC-42A3-9474-1A3956D46DE8}") = "src", "src", "{02EA681E-C7D8-13C7-8484-4AC65E1B71E8}"
EndProject
Project("{FAE04EC0-301F-11D3-BF4B-00C04F79EFBC}") = "Tgi.Gegaco.FileUploader.Domain", "Tgi.Gegaco.FileUploader.Domain\Tgi.Gegaco.FileUploader.Domain.csproj", "{3BD14218-4320-46B1-85F2-870D2C51855B}"
EndProject
Project("{FAE04EC0-301F-11D3-BF4B-00C04F79EFBC}") = "Tgi.Gegaco.FileUploader.Application", "Tgi.Gegaco.FileUploader.Application\Tgi.Gegaco.FileUploader.Application.csproj", "{C9F320AD-25D6-4F3E-BACF-BBE93976C6C7}"
EndProject
Project("{FAE04EC0-301F-11D3-BF4B-00C04F79EFBC}") = "Tgi.Gegaco.FileUploader.Infrastructure", "Tgi.Gegaco.FileUploader.Infrastructure\Tgi.Gegaco.FileUploader.Infrastructure.csproj", "{2AF7AECE-0146-4CFF-AD29-2C13EA2F67C3}"
EndProject
Project("{FAE04EC0-301F-11D3-BF4B-00C04F79EFBC}") = "Tgi.Gegaco.FileUploader.Web", "Tgi.Gegaco.FileUploader.Web\Tgi.Gegaco.FileUploader.Web.csproj", "{32CD698F-A37E-47EF-9BEF-A890A4748871}"
EndProject
Project("{54A90642-561A-4BB1-A94E-469ADEE60C69}") = "angularapp6.client", "AngularApp6\angularapp6.client\angularapp6.client.esproj", "{68311883-9954-FF17-E7D5-B6071F723C4B}"
EndProject
Project("{FAE04EC0-301F-11D3-BF4B-00C04F79EFBC}") = "AngularApp6.Server", "AngularApp6\AngularApp6.Server\AngularApp6.Server.csproj", "{756B1239-7594-4388-9186-85D30392979B}"
EndProject
Global
	GlobalSection(SolutionConfigurationPlatforms) = preSolution
		Debug|Any CPU = Debug|Any CPU
		Release|Any CPU = Release|Any CPU
	EndGlobalSection
	GlobalSection(ProjectConfigurationPlatforms) = postSolution
		{3BD14218-4320-46B1-85F2-870D2C51855B}.Debug|Any CPU.ActiveCfg = Debug|Any CPU
		{3BD14218-4320-46B1-85F2-870D2C51855B}.Debug|Any CPU.Build.0 = Debug|Any CPU
		{3BD14218-4320-46B1-85F2-870D2C51855B}.Release|Any CPU.ActiveCfg = Release|Any CPU
		{3BD14218-4320-46B1-85F2-870D2C51855B}.Release|Any CPU.Build.0 = Release|Any CPU
		{C9F320AD-25D6-4F3E-BACF-BBE93976C6C7}.Debug|Any CPU.ActiveCfg = Debug|Any CPU
		{C9F320AD-25D6-4F3E-BACF-BBE93976C6C7}.Debug|Any CPU.Build.0 = Debug|Any CPU
		{C9F320AD-25D6-4F3E-BACF-BBE93976C6C7}.Release|Any CPU.ActiveCfg = Release|Any CPU
		{C9F320AD-25D6-4F3E-BACF-BBE93976C6C7}.Release|Any CPU.Build.0 = Release|Any CPU
		{2AF7AECE-0146-4CFF-AD29-2C13EA2F67C3}.Debug|Any CPU.ActiveCfg = Debug|Any CPU
		{2AF7AECE-0146-4CFF-AD29-2C13EA2F67C3}.Debug|Any CPU.Build.0 = Debug|Any CPU
		{2AF7AECE-0146-4CFF-AD29-2C13EA2F67C3}.Release|Any CPU.ActiveCfg = Release|Any CPU
		{2AF7AECE-0146-4CFF-AD29-2C13EA2F67C3}.Release|Any CPU.Build.0 = Release|Any CPU
		{32CD698F-A37E-47EF-9BEF-A890A4748871}.Debug|Any CPU.ActiveCfg = Debug|Any CPU
		{32CD698F-A37E-47EF-9BEF-A890A4748871}.Debug|Any CPU.Build.0 = Debug|Any CPU
		{32CD698F-A37E-47EF-9BEF-A890A4748871}.Release|Any CPU.ActiveCfg = Release|Any CPU
		{32CD698F-A37E-47EF-9BEF-A890A4748871}.Release|Any CPU.Build.0 = Release|Any CPU
		{68311883-9954-FF17-E7D5-B6071F723C4B}.Debug|Any CPU.ActiveCfg = Debug|Any CPU
		{68311883-9954-FF17-E7D5-B6071F723C4B}.Debug|Any CPU.Build.0 = Debug|Any CPU
		{68311883-9954-FF17-E7D5-B6071F723C4B}.Debug|Any CPU.Deploy.0 = Debug|Any CPU
		{68311883-9954-FF17-E7D5-B6071F723C4B}.Release|Any CPU.ActiveCfg = Release|Any CPU
		{68311883-9954-FF17-E7D5-B6071F723C4B}.Release|Any CPU.Build.0 = Release|Any CPU
		{68311883-9954-FF17-E7D5-B6071F723C4B}.Release|Any CPU.Deploy.0 = Release|Any CPU
		{756B1239-7594-4388-9186-85D30392979B}.Debug|Any CPU.ActiveCfg = Debug|Any CPU
		{756B1239-7594-4388-9186-85D30392979B}.Debug|Any CPU.Build.0 = Debug|Any CPU
		{756B1239-7594-4388-9186-85D30392979B}.Release|Any CPU.ActiveCfg = Release|Any CPU
		{756B1239-7594-4388-9186-85D30392979B}.Release|Any CPU.Build.0 = Release|Any CPU
	EndGlobalSection
	GlobalSection(SolutionProperties) = preSolution
		HideSolutionNode = FALSE
	EndGlobalSection
	GlobalSection(NestedProjects) = preSolution
		{3BD14218-4320-46B1-85F2-870D2C51855B} = {02EA681E-C7D8-13C7-8484-4AC65E1B71E8}
		{C9F320AD-25D6-4F3E-BACF-BBE93976C6C7} = {02EA681E-C7D8-13C7-8484-4AC65E1B71E8}
		{2AF7AECE-0146-4CFF-AD29-2C13EA2F67C3} = {02EA681E-C7D8-13C7-8484-4AC65E1B71E8}
		{32CD698F-A37E-47EF-9BEF-A890A4748871} = {02EA681E-C7D8-13C7-8484-4AC65E1B71E8}
		{68311883-9954-FF17-E7D5-B6071F723C4B} = {02EA681E-C7D8-13C7-8484-4AC65E1B71E8}
		{756B1239-7594-4388-9186-85D30392979B} = {02EA681E-C7D8-13C7-8484-4AC65E1B71E8}
	EndGlobalSection
	GlobalSection(ExtensibilityGlobals) = postSolution
		SolutionGuid = {F7E655A7-1F8B-4AA3-9A3D-F6338176BBE2}
	EndGlobalSection
EndGlobal
